
Microsoft Visual Studio Solution File, Format Version 12.00
# Visual Studio Version 17
VisualStudioVersion = 17.13.35931.197
MinimumVisualStudioVersion = 10.0.40219.1
Project("{FAE04EC0-301F-11D3-BF4B-00C04F79EFBC}") = "Medi.API", "Medi\Medi.API.csproj", "{DA5C3AB8-541D-4356-AED6-EAA1C8F4C87A}"
EndProject
Project("{FAE04EC0-301F-11D3-BF4B-00C04F79EFBC}") = "Medi.DataAccess", "Medi.DataAccess\Medi.DataAccess.csproj", "{727E588E-46E9-4A98-92A2-3CCC3ACB0363}"
EndProject
Project("{FAE04EC0-301F-11D3-BF4B-00C04F79EFBC}") = "Medi.Core", "Medi.Core\Medi.Core.csproj", "{379DBB69-961D-41B8-A8B2-5AE858A93492}"
EndProject
Project("{FAE04EC0-301F-11D3-BF4B-00C04F79EFBC}") = "Medi.Application", "Medi.Application\Medi.Application.csproj", "{ADEB5C0F-22A6-4F5C-8BCD-698629A631F7}"
EndProject
Global
	GlobalSection(SolutionConfigurationPlatforms) = preSolution
		Debug|Any CPU = Debug|Any CPU
		Release|Any CPU = Release|Any CPU
	EndGlobalSection
	GlobalSection(ProjectConfigurationPlatforms) = postSolution
		{DA5C3AB8-541D-4356-AED6-EAA1C8F4C87A}.Debug|Any CPU.ActiveCfg = Debug|Any CPU
		{DA5C3AB8-541D-4356-AED6-EAA1C8F4C87A}.Debug|Any CPU.Build.0 = Debug|Any CPU
		{DA5C3AB8-541D-4356-AED6-EAA1C8F4C87A}.Release|Any CPU.ActiveCfg = Release|Any CPU
		{DA5C3AB8-541D-4356-AED6-EAA1C8F4C87A}.Release|Any CPU.Build.0 = Release|Any CPU
		{727E588E-46E9-4A98-92A2-3CCC3ACB0363}.Debug|Any CPU.ActiveCfg = Debug|Any CPU
		{727E588E-46E9-4A98-92A2-3CCC3ACB0363}.Debug|Any CPU.Build.0 = Debug|Any CPU
		{727E588E-46E9-4A98-92A2-3CCC3ACB0363}.Release|Any CPU.ActiveCfg = Release|Any CPU
		{727E588E-46E9-4A98-92A2-3CCC3ACB0363}.Release|Any CPU.Build.0 = Release|Any CPU
		{379DBB69-961D-41B8-A8B2-5AE858A93492}.Debug|Any CPU.ActiveCfg = Debug|Any CPU
		{379DBB69-961D-41B8-A8B2-5AE858A93492}.Debug|Any CPU.Build.0 = Debug|Any CPU
		{379DBB69-961D-41B8-A8B2-5AE858A93492}.Release|Any CPU.ActiveCfg = Release|Any CPU
		{379DBB69-961D-41B8-A8B2-5AE858A93492}.Release|Any CPU.Build.0 = Release|Any CPU
		{ADEB5C0F-22A6-4F5C-8BCD-698629A631F7}.Debug|Any CPU.ActiveCfg = Debug|Any CPU
		{ADEB5C0F-22A6-4F5C-8BCD-698629A631F7}.Debug|Any CPU.Build.0 = Debug|Any CPU
		{ADEB5C0F-22A6-4F5C-8BCD-698629A631F7}.Release|Any CPU.ActiveCfg = Release|Any CPU
		{ADEB5C0F-22A6-4F5C-8BCD-698629A631F7}.Release|Any CPU.Build.0 = Release|Any CPU
	EndGlobalSection
	GlobalSection(SolutionProperties) = preSolution
		HideSolutionNode = FALSE
	EndGlobalSection
	GlobalSection(ExtensibilityGlobals) = postSolution
		SolutionGuid = {E1172F75-B9F5-453E-9924-08D159213037}
	EndGlobalSection
EndGlobal
